
Microsoft Visual Studio Solution File, Format Version 12.00
# Visual Studio 2012
Project("{FAE04EC0-301F-11D3-BF4B-00C04F79EFBC}") = "ListViewExample", "ListViewExample\ListViewExample.csproj", "{BFF58E09-C984-4FDB-87AF-27AB645ACA20}"
EndProject
Project("{FAE04EC0-301F-11D3-BF4B-00C04F79EFBC}") = "ListViewExample.iOS", "iOS\ListViewExample.iOS.csproj", "{52293C65-BF99-48CC-B334-4B621CC2BE60}"
EndProject
Project("{FAE04EC0-301F-11D3-BF4B-00C04F79EFBC}") = "ListViewExample.Droid", "Droid\ListViewExample.Droid.csproj", "{89222D46-D794-4650-AE82-0240619B4468}"
EndProject
Global
	GlobalSection(SolutionConfigurationPlatforms) = preSolution
		Debug|Any CPU = Debug|Any CPU
		Release|Any CPU = Release|Any CPU
		Debug|iPhoneSimulator = Debug|iPhoneSimulator
		Release|iPhone = Release|iPhone
		Release|iPhoneSimulator = Release|iPhoneSimulator
		Debug|iPhone = Debug|iPhone
	EndGlobalSection
	GlobalSection(ProjectConfigurationPlatforms) = postSolution
		{BFF58E09-C984-4FDB-87AF-27AB645ACA20}.Debug|Any CPU.ActiveCfg = Debug|Any CPU
		{BFF58E09-C984-4FDB-87AF-27AB645ACA20}.Debug|Any CPU.Build.0 = Debug|Any CPU
		{BFF58E09-C984-4FDB-87AF-27AB645ACA20}.Release|Any CPU.ActiveCfg = Release|Any CPU
		{BFF58E09-C984-4FDB-87AF-27AB645ACA20}.Release|Any CPU.Build.0 = Release|Any CPU
		{BFF58E09-C984-4FDB-87AF-27AB645ACA20}.Debug|iPhoneSimulator.ActiveCfg = Debug|Any CPU
		{BFF58E09-C984-4FDB-87AF-27AB645ACA20}.Debug|iPhoneSimulator.Build.0 = Debug|Any CPU
		{BFF58E09-C984-4FDB-87AF-27AB645ACA20}.Release|iPhone.ActiveCfg = Release|Any CPU
		{BFF58E09-C984-4FDB-87AF-27AB645ACA20}.Release|iPhone.Build.0 = Release|Any CPU
		{BFF58E09-C984-4FDB-87AF-27AB645ACA20}.Release|iPhoneSimulator.ActiveCfg = Release|Any CPU
		{BFF58E09-C984-4FDB-87AF-27AB645ACA20}.Release|iPhoneSimulator.Build.0 = Release|Any CPU
		{BFF58E09-C984-4FDB-87AF-27AB645ACA20}.Debug|iPhone.ActiveCfg = Debug|Any CPU
		{BFF58E09-C984-4FDB-87AF-27AB645ACA20}.Debug|iPhone.Build.0 = Debug|Any CPU
		{52293C65-BF99-48CC-B334-4B621CC2BE60}.Debug|Any CPU.ActiveCfg = Debug|iPhoneSimulator
		{52293C65-BF99-48CC-B334-4B621CC2BE60}.Debug|Any CPU.Build.0 = Debug|iPhoneSimulator
		{52293C65-BF99-48CC-B334-4B621CC2BE60}.Release|Any CPU.ActiveCfg = Release|iPhone
		{52293C65-BF99-48CC-B334-4B621CC2BE60}.Release|Any CPU.Build.0 = Release|iPhone
		{52293C65-BF99-48CC-B334-4B621CC2BE60}.Debug|iPhoneSimulator.ActiveCfg = Debug|iPhoneSimulator
		{52293C65-BF99-48CC-B334-4B621CC2BE60}.Debug|iPhoneSimulator.Build.0 = Debug|iPhoneSimulator
		{52293C65-BF99-48CC-B334-4B621CC2BE60}.Release|iPhone.ActiveCfg = Release|iPhone
		{52293C65-BF99-48CC-B334-4B621CC2BE60}.Release|iPhone.Build.0 = Release|iPhone
		{52293C65-BF99-48CC-B334-4B621CC2BE60}.Release|iPhoneSimulator.ActiveCfg = Release|iPhoneSimulator
		{52293C65-BF99-48CC-B334-4B621CC2BE60}.Release|iPhoneSimulator.Build.0 = Release|iPhoneSimulator
		{52293C65-BF99-48CC-B334-4B621CC2BE60}.Debug|iPhone.ActiveCfg = Debug|iPhone
		{52293C65-BF99-48CC-B334-4B621CC2BE60}.Debug|iPhone.Build.0 = Debug|iPhone
		{89222D46-D794-4650-AE82-0240619B4468}.Debug|Any CPU.ActiveCfg = Debug|Any CPU
		{89222D46-D794-4650-AE82-0240619B4468}.Debug|Any CPU.Build.0 = Debug|Any CPU
		{89222D46-D794-4650-AE82-0240619B4468}.Release|Any CPU.ActiveCfg = Release|Any CPU
		{89222D46-D794-4650-AE82-0240619B4468}.Release|Any CPU.Build.0 = Release|Any CPU
		{89222D46-D794-4650-AE82-0240619B4468}.Debug|iPhoneSimulator.ActiveCfg = Debug|Any CPU
		{89222D46-D794-4650-AE82-0240619B4468}.Debug|iPhoneSimulator.Build.0 = Debug|Any CPU
		{89222D46-D794-4650-AE82-0240619B4468}.Release|iPhone.ActiveCfg = Release|Any CPU
		{89222D46-D794-4650-AE82-0240619B4468}.Release|iPhone.Build.0 = Release|Any CPU
		{89222D46-D794-4650-AE82-0240619B4468}.Release|iPhoneSimulator.ActiveCfg = Release|Any CPU
		{89222D46-D794-4650-AE82-0240619B4468}.Release|iPhoneSimulator.Build.0 = Release|Any CPU
		{89222D46-D794-4650-AE82-0240619B4468}.Debug|iPhone.ActiveCfg = Debug|Any CPU
		{89222D46-D794-4650-AE82-0240619B4468}.Debug|iPhone.Build.0 = Debug|Any CPU
	EndGlobalSection
EndGlobal
