
Microsoft Visual Studio Solution File, Format Version 12.00
# Visual Studio 2012
Project("{FAE04EC0-301F-11D3-BF4B-00C04F79EFBC}") = "PunchCardExample", "PunchCardExample\PunchCardExample.csproj", "{C7802B6E-6C1D-4BA2-B351-AFD087C8D37A}"
EndProject
Project("{FAE04EC0-301F-11D3-BF4B-00C04F79EFBC}") = "PunchCardExample.iOS", "iOS\PunchCardExample.iOS.csproj", "{0E38B5F9-C9AB-421B-B069-38427ECD39AC}"
EndProject
Project("{FAE04EC0-301F-11D3-BF4B-00C04F79EFBC}") = "PunchCardExample.Droid", "Droid\PunchCardExample.Droid.csproj", "{DC37F107-61CC-489C-81BA-216ADD4AE50A}"
EndProject
Global
	GlobalSection(SolutionConfigurationPlatforms) = preSolution
		Debug|Any CPU = Debug|Any CPU
		Release|Any CPU = Release|Any CPU
		Debug|iPhoneSimulator = Debug|iPhoneSimulator
		Release|iPhone = Release|iPhone
		Release|iPhoneSimulator = Release|iPhoneSimulator
		Debug|iPhone = Debug|iPhone
	EndGlobalSection
	GlobalSection(ProjectConfigurationPlatforms) = postSolution
		{C7802B6E-6C1D-4BA2-B351-AFD087C8D37A}.Debug|Any CPU.ActiveCfg = Debug|Any CPU
		{C7802B6E-6C1D-4BA2-B351-AFD087C8D37A}.Debug|Any CPU.Build.0 = Debug|Any CPU
		{C7802B6E-6C1D-4BA2-B351-AFD087C8D37A}.Release|Any CPU.ActiveCfg = Release|Any CPU
		{C7802B6E-6C1D-4BA2-B351-AFD087C8D37A}.Release|Any CPU.Build.0 = Release|Any CPU
		{C7802B6E-6C1D-4BA2-B351-AFD087C8D37A}.Debug|iPhoneSimulator.ActiveCfg = Debug|Any CPU
		{C7802B6E-6C1D-4BA2-B351-AFD087C8D37A}.Debug|iPhoneSimulator.Build.0 = Debug|Any CPU
		{C7802B6E-6C1D-4BA2-B351-AFD087C8D37A}.Release|iPhone.ActiveCfg = Release|Any CPU
		{C7802B6E-6C1D-4BA2-B351-AFD087C8D37A}.Release|iPhone.Build.0 = Release|Any CPU
		{C7802B6E-6C1D-4BA2-B351-AFD087C8D37A}.Release|iPhoneSimulator.ActiveCfg = Release|Any CPU
		{C7802B6E-6C1D-4BA2-B351-AFD087C8D37A}.Release|iPhoneSimulator.Build.0 = Release|Any CPU
		{C7802B6E-6C1D-4BA2-B351-AFD087C8D37A}.Debug|iPhone.ActiveCfg = Debug|Any CPU
		{C7802B6E-6C1D-4BA2-B351-AFD087C8D37A}.Debug|iPhone.Build.0 = Debug|Any CPU
		{0E38B5F9-C9AB-421B-B069-38427ECD39AC}.Debug|Any CPU.ActiveCfg = Debug|iPhoneSimulator
		{0E38B5F9-C9AB-421B-B069-38427ECD39AC}.Debug|Any CPU.Build.0 = Debug|iPhoneSimulator
		{0E38B5F9-C9AB-421B-B069-38427ECD39AC}.Release|Any CPU.ActiveCfg = Release|iPhone
		{0E38B5F9-C9AB-421B-B069-38427ECD39AC}.Release|Any CPU.Build.0 = Release|iPhone
		{0E38B5F9-C9AB-421B-B069-38427ECD39AC}.Debug|iPhoneSimulator.ActiveCfg = Debug|iPhoneSimulator
		{0E38B5F9-C9AB-421B-B069-38427ECD39AC}.Debug|iPhoneSimulator.Build.0 = Debug|iPhoneSimulator
		{0E38B5F9-C9AB-421B-B069-38427ECD39AC}.Release|iPhone.ActiveCfg = Release|iPhone
		{0E38B5F9-C9AB-421B-B069-38427ECD39AC}.Release|iPhone.Build.0 = Release|iPhone
		{0E38B5F9-C9AB-421B-B069-38427ECD39AC}.Release|iPhoneSimulator.ActiveCfg = Release|iPhoneSimulator
		{0E38B5F9-C9AB-421B-B069-38427ECD39AC}.Release|iPhoneSimulator.Build.0 = Release|iPhoneSimulator
		{0E38B5F9-C9AB-421B-B069-38427ECD39AC}.Debug|iPhone.ActiveCfg = Debug|iPhone
		{0E38B5F9-C9AB-421B-B069-38427ECD39AC}.Debug|iPhone.Build.0 = Debug|iPhone
		{DC37F107-61CC-489C-81BA-216ADD4AE50A}.Debug|Any CPU.ActiveCfg = Debug|Any CPU
		{DC37F107-61CC-489C-81BA-216ADD4AE50A}.Debug|Any CPU.Build.0 = Debug|Any CPU
		{DC37F107-61CC-489C-81BA-216ADD4AE50A}.Release|Any CPU.ActiveCfg = Release|Any CPU
		{DC37F107-61CC-489C-81BA-216ADD4AE50A}.Release|Any CPU.Build.0 = Release|Any CPU
		{DC37F107-61CC-489C-81BA-216ADD4AE50A}.Debug|iPhoneSimulator.ActiveCfg = Debug|Any CPU
		{DC37F107-61CC-489C-81BA-216ADD4AE50A}.Debug|iPhoneSimulator.Build.0 = Debug|Any CPU
		{DC37F107-61CC-489C-81BA-216ADD4AE50A}.Release|iPhone.ActiveCfg = Release|Any CPU
		{DC37F107-61CC-489C-81BA-216ADD4AE50A}.Release|iPhone.Build.0 = Release|Any CPU
		{DC37F107-61CC-489C-81BA-216ADD4AE50A}.Release|iPhoneSimulator.ActiveCfg = Release|Any CPU
		{DC37F107-61CC-489C-81BA-216ADD4AE50A}.Release|iPhoneSimulator.Build.0 = Release|Any CPU
		{DC37F107-61CC-489C-81BA-216ADD4AE50A}.Debug|iPhone.ActiveCfg = Debug|Any CPU
		{DC37F107-61CC-489C-81BA-216ADD4AE50A}.Debug|iPhone.Build.0 = Debug|Any CPU
	EndGlobalSection
EndGlobal
