
Microsoft Visual Studio Solution File, Format Version 12.00
# Visual Studio 2012
Project("{FAE04EC0-301F-11D3-BF4B-00C04F79EFBC}") = "DynamicXAML", "DynamicXAML\DynamicXAML.csproj", "{0ACF1E5D-F73A-4D45-AC73-2DE5E6AA4739}"
EndProject
Project("{FAE04EC0-301F-11D3-BF4B-00C04F79EFBC}") = "DynamicXAML.iOS", "iOS\DynamicXAML.iOS.csproj", "{34CA2D8C-44AC-49D0-ADE4-7ABC605C4DB8}"
EndProject
Project("{FAE04EC0-301F-11D3-BF4B-00C04F79EFBC}") = "DynamicXAML.Droid", "Droid\DynamicXAML.Droid.csproj", "{91C55631-340A-421A-B5F4-874B55C53F81}"
EndProject
Global
	GlobalSection(SolutionConfigurationPlatforms) = preSolution
		Debug|Any CPU = Debug|Any CPU
		Release|Any CPU = Release|Any CPU
		Debug|iPhoneSimulator = Debug|iPhoneSimulator
		Release|iPhone = Release|iPhone
		Release|iPhoneSimulator = Release|iPhoneSimulator
		Debug|iPhone = Debug|iPhone
	EndGlobalSection
	GlobalSection(ProjectConfigurationPlatforms) = postSolution
		{0ACF1E5D-F73A-4D45-AC73-2DE5E6AA4739}.Debug|Any CPU.ActiveCfg = Debug|Any CPU
		{0ACF1E5D-F73A-4D45-AC73-2DE5E6AA4739}.Debug|Any CPU.Build.0 = Debug|Any CPU
		{0ACF1E5D-F73A-4D45-AC73-2DE5E6AA4739}.Release|Any CPU.ActiveCfg = Release|Any CPU
		{0ACF1E5D-F73A-4D45-AC73-2DE5E6AA4739}.Release|Any CPU.Build.0 = Release|Any CPU
		{0ACF1E5D-F73A-4D45-AC73-2DE5E6AA4739}.Debug|iPhoneSimulator.ActiveCfg = Debug|Any CPU
		{0ACF1E5D-F73A-4D45-AC73-2DE5E6AA4739}.Debug|iPhoneSimulator.Build.0 = Debug|Any CPU
		{0ACF1E5D-F73A-4D45-AC73-2DE5E6AA4739}.Release|iPhone.ActiveCfg = Release|Any CPU
		{0ACF1E5D-F73A-4D45-AC73-2DE5E6AA4739}.Release|iPhone.Build.0 = Release|Any CPU
		{0ACF1E5D-F73A-4D45-AC73-2DE5E6AA4739}.Release|iPhoneSimulator.ActiveCfg = Release|Any CPU
		{0ACF1E5D-F73A-4D45-AC73-2DE5E6AA4739}.Release|iPhoneSimulator.Build.0 = Release|Any CPU
		{0ACF1E5D-F73A-4D45-AC73-2DE5E6AA4739}.Debug|iPhone.ActiveCfg = Debug|Any CPU
		{0ACF1E5D-F73A-4D45-AC73-2DE5E6AA4739}.Debug|iPhone.Build.0 = Debug|Any CPU
		{34CA2D8C-44AC-49D0-ADE4-7ABC605C4DB8}.Debug|Any CPU.ActiveCfg = Debug|iPhoneSimulator
		{34CA2D8C-44AC-49D0-ADE4-7ABC605C4DB8}.Debug|Any CPU.Build.0 = Debug|iPhoneSimulator
		{34CA2D8C-44AC-49D0-ADE4-7ABC605C4DB8}.Release|Any CPU.ActiveCfg = Release|iPhone
		{34CA2D8C-44AC-49D0-ADE4-7ABC605C4DB8}.Release|Any CPU.Build.0 = Release|iPhone
		{34CA2D8C-44AC-49D0-ADE4-7ABC605C4DB8}.Debug|iPhoneSimulator.ActiveCfg = Debug|iPhoneSimulator
		{34CA2D8C-44AC-49D0-ADE4-7ABC605C4DB8}.Debug|iPhoneSimulator.Build.0 = Debug|iPhoneSimulator
		{34CA2D8C-44AC-49D0-ADE4-7ABC605C4DB8}.Release|iPhone.ActiveCfg = Release|iPhone
		{34CA2D8C-44AC-49D0-ADE4-7ABC605C4DB8}.Release|iPhone.Build.0 = Release|iPhone
		{34CA2D8C-44AC-49D0-ADE4-7ABC605C4DB8}.Release|iPhoneSimulator.ActiveCfg = Release|iPhoneSimulator
		{34CA2D8C-44AC-49D0-ADE4-7ABC605C4DB8}.Release|iPhoneSimulator.Build.0 = Release|iPhoneSimulator
		{34CA2D8C-44AC-49D0-ADE4-7ABC605C4DB8}.Debug|iPhone.ActiveCfg = Debug|iPhone
		{34CA2D8C-44AC-49D0-ADE4-7ABC605C4DB8}.Debug|iPhone.Build.0 = Debug|iPhone
		{91C55631-340A-421A-B5F4-874B55C53F81}.Debug|Any CPU.ActiveCfg = Debug|Any CPU
		{91C55631-340A-421A-B5F4-874B55C53F81}.Debug|Any CPU.Build.0 = Debug|Any CPU
		{91C55631-340A-421A-B5F4-874B55C53F81}.Release|Any CPU.ActiveCfg = Release|Any CPU
		{91C55631-340A-421A-B5F4-874B55C53F81}.Release|Any CPU.Build.0 = Release|Any CPU
		{91C55631-340A-421A-B5F4-874B55C53F81}.Debug|iPhoneSimulator.ActiveCfg = Debug|Any CPU
		{91C55631-340A-421A-B5F4-874B55C53F81}.Debug|iPhoneSimulator.Build.0 = Debug|Any CPU
		{91C55631-340A-421A-B5F4-874B55C53F81}.Release|iPhone.ActiveCfg = Release|Any CPU
		{91C55631-340A-421A-B5F4-874B55C53F81}.Release|iPhone.Build.0 = Release|Any CPU
		{91C55631-340A-421A-B5F4-874B55C53F81}.Release|iPhoneSimulator.ActiveCfg = Release|Any CPU
		{91C55631-340A-421A-B5F4-874B55C53F81}.Release|iPhoneSimulator.Build.0 = Release|Any CPU
		{91C55631-340A-421A-B5F4-874B55C53F81}.Debug|iPhone.ActiveCfg = Debug|Any CPU
		{91C55631-340A-421A-B5F4-874B55C53F81}.Debug|iPhone.Build.0 = Debug|Any CPU
	EndGlobalSection
EndGlobal
